
Microsoft Visual Studio Solution File, Format Version 12.00
# Visual Studio Version 17
VisualStudioVersion = 17.5.33516.290
MinimumVisualStudioVersion = 10.0.40219.1
Project("{FAE04EC0-301F-11D3-BF4B-00C04F79EFBC}") = "DotNetExcelVersionConfirm", "DotNetExcelVersionConfirm\DotNetExcelVersionConfirm.csproj", "{4A6DB163-6A61-4EBA-B1AF-3D768FF78226}"
EndProject
Global
	GlobalSection(SolutionConfigurationPlatforms) = preSolution
		Debug|Any CPU = Debug|Any CPU
		Release|Any CPU = Release|Any CPU
	EndGlobalSection
	GlobalSection(ProjectConfigurationPlatforms) = postSolution
		{4A6DB163-6A61-4EBA-B1AF-3D768FF78226}.Debug|Any CPU.ActiveCfg = Debug|Any CPU
		{4A6DB163-6A61-4EBA-B1AF-3D768FF78226}.Debug|Any CPU.Build.0 = Debug|Any CPU
		{4A6DB163-6A61-4EBA-B1AF-3D768FF78226}.Release|Any CPU.ActiveCfg = Release|Any CPU
		{4A6DB163-6A61-4EBA-B1AF-3D768FF78226}.Release|Any CPU.Build.0 = Release|Any CPU
	EndGlobalSection
	GlobalSection(SolutionProperties) = preSolution
		HideSolutionNode = FALSE
	EndGlobalSection
	GlobalSection(ExtensibilityGlobals) = postSolution
		SolutionGuid = {5322379E-84BF-4E06-9D35-65FD08431EFF}
	EndGlobalSection
EndGlobal
